
Microsoft Visual Studio Solution File, Format Version 12.00
Project("{2150E333-8FDC-42A3-9474-1A3956D46DE8}") = "refactoring", "refactoring", "{51B56437-788B-4DE3-9DD1-33B27926F02B}"
EndProject
Project("{2150E333-8FDC-42A3-9474-1A3956D46DE8}") = "architecture", "architecture", "{F098F4E0-6CFA-4D9D-9118-AB2A8D75D46A}"
EndProject
Project("{2150E333-8FDC-42A3-9474-1A3956D46DE8}") = "resources", "resources", "{FFDB5EC8-E184-48CE-823D-F380D30CC7F8}"
EndProject
Project("{FAE04EC0-301F-11D3-BF4B-00C04F79EFBC}") = "markupextension", "resources\converters\markupextension\markupextension.csproj", "{E0FE406B-F9AF-4386-9643-58E563F52196}"
EndProject
Project("{FAE04EC0-301F-11D3-BF4B-00C04F79EFBC}") = "logicalexpressionconverter", "resources\converters\logicalexpressionconverter\logicalexpressionconverter.csproj", "{8559C7E7-0C95-4DC1-8BFF-0C0A2CB323B7}"
EndProject
Project("{2150E333-8FDC-42A3-9474-1A3956D46DE8}") = "solution items", "solution items", "{DA4D1CF5-A2F5-481B-92CE-4EA62236AC6C}"
ProjectSection(SolutionItems) = preProject
	..\README.md = ..\README.md
EndProjectSection
EndProject
Project("{2150E333-8FDC-42A3-9474-1A3956D46DE8}") = "converters", "converters", "{89CB05DD-B5F6-4364-B067-A415DFA13998}"
EndProject
Project("{2150E333-8FDC-42A3-9474-1A3956D46DE8}") = "helpers", "helpers", "{80DD44B5-8627-4D2F-854E-FAAA828D0A4D}"
EndProject
Project("{FAE04EC0-301F-11D3-BF4B-00C04F79EFBC}") = "observingobjects", "resources\helpers\observingobjects\observingobjects.csproj", "{EE9855BC-E997-4378-9BB2-7FB2056BF256}"
EndProject
Project("{2150E333-8FDC-42A3-9474-1A3956D46DE8}") = "structuring", "structuring", "{D80DA10E-1A25-4EC9-A6CA-7961D2161118}"
EndProject
Project("{FAE04EC0-301F-11D3-BF4B-00C04F79EFBC}") = "featurebased", "architecture\structuring\featurebased\featurebased.csproj", "{3C2E0788-048C-462B-82FD-A1F411AD2AF9}"
EndProject
Project("{FAE04EC0-301F-11D3-BF4B-00C04F79EFBC}") = "viewmodelbased", "architecture\structuring\viewmodelbased\viewmodelbased.csproj", "{6B5DEEEF-2A6C-4BEF-8C64-1255BBF96D54}"
EndProject
Project("{2150E333-8FDC-42A3-9474-1A3956D46DE8}") = "designpatterns", "designpatterns", "{7FEEF84B-1382-4D13-A338-0B6B431265F3}"
EndProject
Project("{FAE04EC0-301F-11D3-BF4B-00C04F79EFBC}") = "dependencyinjection", "architecture\designpatterns\dependencyinjection\dependencyinjection.csproj", "{7E00568B-36DF-4260-B888-C7A017F2672F}"
EndProject
Project("{FAE04EC0-301F-11D3-BF4B-00C04F79EFBC}") = "nulltovisconverter", "resources\converters\nulltovisconverter\nulltovisconverter.csproj", "{0F217230-FB5A-4C77-B235-1C1B66E56F4E}"
EndProject
Project("{2150E333-8FDC-42A3-9474-1A3956D46DE8}") = "commands", "commands", "{98D76203-1FAF-4534-8F55-998230446EB6}"
EndProject
Project("{FAE04EC0-301F-11D3-BF4B-00C04F79EFBC}") = "delegatecommand", "resources\commands\delegatecommand\delegatecommand.csproj", "{2DF90F55-65E7-474B-A259-9B5BEC0AE5FC}"
EndProject
Project("{2150E333-8FDC-42A3-9474-1A3956D46DE8}") = "tipsandtricks", "tipsandtricks", "{7F8ED989-432B-44F6-BCCD-70749E67D1F2}"
EndProject
Project("{FAE04EC0-301F-11D3-BF4B-00C04F79EFBC}") = "nonblockingui", "tipsandtricks\nonblockingui\nonblockingui.csproj", "{0F372093-47F0-4ED0-96F4-6F223D48CD9E}"
EndProject
Global
	GlobalSection(SolutionConfigurationPlatforms) = preSolution
		Debug|Any CPU = Debug|Any CPU
		Release|Any CPU = Release|Any CPU
	EndGlobalSection
	GlobalSection(NestedProjects) = preSolution
		{89CB05DD-B5F6-4364-B067-A415DFA13998} = {FFDB5EC8-E184-48CE-823D-F380D30CC7F8}
		{8559C7E7-0C95-4DC1-8BFF-0C0A2CB323B7} = {89CB05DD-B5F6-4364-B067-A415DFA13998}
		{E0FE406B-F9AF-4386-9643-58E563F52196} = {89CB05DD-B5F6-4364-B067-A415DFA13998}
		{80DD44B5-8627-4D2F-854E-FAAA828D0A4D} = {FFDB5EC8-E184-48CE-823D-F380D30CC7F8}
		{EE9855BC-E997-4378-9BB2-7FB2056BF256} = {80DD44B5-8627-4D2F-854E-FAAA828D0A4D}
		{D80DA10E-1A25-4EC9-A6CA-7961D2161118} = {F098F4E0-6CFA-4D9D-9118-AB2A8D75D46A}
		{3C2E0788-048C-462B-82FD-A1F411AD2AF9} = {D80DA10E-1A25-4EC9-A6CA-7961D2161118}
		{6B5DEEEF-2A6C-4BEF-8C64-1255BBF96D54} = {D80DA10E-1A25-4EC9-A6CA-7961D2161118}
		{7FEEF84B-1382-4D13-A338-0B6B431265F3} = {F098F4E0-6CFA-4D9D-9118-AB2A8D75D46A}
		{7E00568B-36DF-4260-B888-C7A017F2672F} = {7FEEF84B-1382-4D13-A338-0B6B431265F3}
		{0F217230-FB5A-4C77-B235-1C1B66E56F4E} = {89CB05DD-B5F6-4364-B067-A415DFA13998}
		{98D76203-1FAF-4534-8F55-998230446EB6} = {FFDB5EC8-E184-48CE-823D-F380D30CC7F8}
		{2DF90F55-65E7-474B-A259-9B5BEC0AE5FC} = {98D76203-1FAF-4534-8F55-998230446EB6}
		{0F372093-47F0-4ED0-96F4-6F223D48CD9E} = {7F8ED989-432B-44F6-BCCD-70749E67D1F2}
	EndGlobalSection
	GlobalSection(ProjectConfigurationPlatforms) = postSolution
		{E0FE406B-F9AF-4386-9643-58E563F52196}.Debug|Any CPU.ActiveCfg = Debug|Any CPU
		{E0FE406B-F9AF-4386-9643-58E563F52196}.Debug|Any CPU.Build.0 = Debug|Any CPU
		{E0FE406B-F9AF-4386-9643-58E563F52196}.Release|Any CPU.ActiveCfg = Release|Any CPU
		{E0FE406B-F9AF-4386-9643-58E563F52196}.Release|Any CPU.Build.0 = Release|Any CPU
		{8559C7E7-0C95-4DC1-8BFF-0C0A2CB323B7}.Debug|Any CPU.ActiveCfg = Debug|Any CPU
		{8559C7E7-0C95-4DC1-8BFF-0C0A2CB323B7}.Debug|Any CPU.Build.0 = Debug|Any CPU
		{8559C7E7-0C95-4DC1-8BFF-0C0A2CB323B7}.Release|Any CPU.ActiveCfg = Release|Any CPU
		{8559C7E7-0C95-4DC1-8BFF-0C0A2CB323B7}.Release|Any CPU.Build.0 = Release|Any CPU
		{EE9855BC-E997-4378-9BB2-7FB2056BF256}.Debug|Any CPU.ActiveCfg = Debug|Any CPU
		{EE9855BC-E997-4378-9BB2-7FB2056BF256}.Debug|Any CPU.Build.0 = Debug|Any CPU
		{EE9855BC-E997-4378-9BB2-7FB2056BF256}.Release|Any CPU.ActiveCfg = Release|Any CPU
		{EE9855BC-E997-4378-9BB2-7FB2056BF256}.Release|Any CPU.Build.0 = Release|Any CPU
		{3C2E0788-048C-462B-82FD-A1F411AD2AF9}.Debug|Any CPU.ActiveCfg = Debug|Any CPU
		{3C2E0788-048C-462B-82FD-A1F411AD2AF9}.Debug|Any CPU.Build.0 = Debug|Any CPU
		{3C2E0788-048C-462B-82FD-A1F411AD2AF9}.Release|Any CPU.ActiveCfg = Release|Any CPU
		{3C2E0788-048C-462B-82FD-A1F411AD2AF9}.Release|Any CPU.Build.0 = Release|Any CPU
		{6B5DEEEF-2A6C-4BEF-8C64-1255BBF96D54}.Debug|Any CPU.ActiveCfg = Debug|Any CPU
		{6B5DEEEF-2A6C-4BEF-8C64-1255BBF96D54}.Debug|Any CPU.Build.0 = Debug|Any CPU
		{6B5DEEEF-2A6C-4BEF-8C64-1255BBF96D54}.Release|Any CPU.ActiveCfg = Release|Any CPU
		{6B5DEEEF-2A6C-4BEF-8C64-1255BBF96D54}.Release|Any CPU.Build.0 = Release|Any CPU
		{7E00568B-36DF-4260-B888-C7A017F2672F}.Debug|Any CPU.ActiveCfg = Debug|Any CPU
		{7E00568B-36DF-4260-B888-C7A017F2672F}.Debug|Any CPU.Build.0 = Debug|Any CPU
		{7E00568B-36DF-4260-B888-C7A017F2672F}.Release|Any CPU.ActiveCfg = Release|Any CPU
		{7E00568B-36DF-4260-B888-C7A017F2672F}.Release|Any CPU.Build.0 = Release|Any CPU
		{0F217230-FB5A-4C77-B235-1C1B66E56F4E}.Debug|Any CPU.ActiveCfg = Debug|Any CPU
		{0F217230-FB5A-4C77-B235-1C1B66E56F4E}.Debug|Any CPU.Build.0 = Debug|Any CPU
		{0F217230-FB5A-4C77-B235-1C1B66E56F4E}.Release|Any CPU.ActiveCfg = Release|Any CPU
		{0F217230-FB5A-4C77-B235-1C1B66E56F4E}.Release|Any CPU.Build.0 = Release|Any CPU
		{2DF90F55-65E7-474B-A259-9B5BEC0AE5FC}.Debug|Any CPU.ActiveCfg = Debug|Any CPU
		{2DF90F55-65E7-474B-A259-9B5BEC0AE5FC}.Debug|Any CPU.Build.0 = Debug|Any CPU
		{2DF90F55-65E7-474B-A259-9B5BEC0AE5FC}.Release|Any CPU.ActiveCfg = Release|Any CPU
		{2DF90F55-65E7-474B-A259-9B5BEC0AE5FC}.Release|Any CPU.Build.0 = Release|Any CPU
		{0F372093-47F0-4ED0-96F4-6F223D48CD9E}.Debug|Any CPU.ActiveCfg = Debug|Any CPU
		{0F372093-47F0-4ED0-96F4-6F223D48CD9E}.Debug|Any CPU.Build.0 = Debug|Any CPU
		{0F372093-47F0-4ED0-96F4-6F223D48CD9E}.Release|Any CPU.ActiveCfg = Release|Any CPU
		{0F372093-47F0-4ED0-96F4-6F223D48CD9E}.Release|Any CPU.Build.0 = Release|Any CPU
	EndGlobalSection
EndGlobal
